// !$*UTF8*$!
{
	archiveVersion = 1;
	classes = {
	};
	objectVersion = 55;
	objects = {

/* Begin PBXBuildFile section */
		D72B7FF628582CC100CA0CA7 /* Media.swift in Sources */ = {isa = PBXBuildFile; fileRef = D72B7FF528582CC100CA0CA7 /* Media.swift */; };
		D72B7FFB285ABF4B00CA0CA7 /* VideoCollectionViewCell.swift in Sources */ = {isa = PBXBuildFile; fileRef = D72B7FF9285ABF4B00CA0CA7 /* VideoCollectionViewCell.swift */; };
		D72B7FFC285ABF4B00CA0CA7 /* VideoCollectionViewCell.xib in Resources */ = {isa = PBXBuildFile; fileRef = D72B7FFA285ABF4B00CA0CA7 /* VideoCollectionViewCell.xib */; };
		D752F71D286A7A210009E185 /* AlbumsCollectionViewCell.swift in Sources */ = {isa = PBXBuildFile; fileRef = D752F71B286A7A210009E185 /* AlbumsCollectionViewCell.swift */; };
		D752F71E286A7A210009E185 /* AlbumsCollectionViewCell.xib in Resources */ = {isa = PBXBuildFile; fileRef = D752F71C286A7A210009E185 /* AlbumsCollectionViewCell.xib */; };
		D752F720286A7C2E0009E185 /* AlbumsViewController.swift in Sources */ = {isa = PBXBuildFile; fileRef = D752F71F286A7C2E0009E185 /* AlbumsViewController.swift */; };
		D7640A602856D17B00C4F74F /* VideoViewController.swift in Sources */ = {isa = PBXBuildFile; fileRef = D7640A5F2856D17B00C4F74F /* VideoViewController.swift */; };
		D7640A662856D6EB00C4F74F /* MyCollectionViewCell.swift in Sources */ = {isa = PBXBuildFile; fileRef = D7640A642856D6EB00C4F74F /* MyCollectionViewCell.swift */; };
		D7640A672856D6EB00C4F74F /* MyCollectionViewCell.xib in Resources */ = {isa = PBXBuildFile; fileRef = D7640A652856D6EB00C4F74F /* MyCollectionViewCell.xib */; };
		D78D455328641240005D7277 /* v06.mp4 in Resources */ = {isa = PBXBuildFile; fileRef = D78D454A28641240005D7277 /* v06.mp4 */; };
		D78D455428641240005D7277 /* v05.mp4 in Resources */ = {isa = PBXBuildFile; fileRef = D78D454B28641240005D7277 /* v05.mp4 */; };
		D78D455528641240005D7277 /* v03.mp4 in Resources */ = {isa = PBXBuildFile; fileRef = D78D454C28641240005D7277 /* v03.mp4 */; };
		D78D455628641240005D7277 /* v02.mp4 in Resources */ = {isa = PBXBuildFile; fileRef = D78D454D28641240005D7277 /* v02.mp4 */; };
		D78D455728641240005D7277 /* v04.mp4 in Resources */ = {isa = PBXBuildFile; fileRef = D78D454E28641240005D7277 /* v04.mp4 */; };
		D78D455828641240005D7277 /* v01.mp4 in Resources */ = {isa = PBXBuildFile; fileRef = D78D454F28641240005D7277 /* v01.mp4 */; };
		D78D455928641240005D7277 /* v07.mp4 in Resources */ = {isa = PBXBuildFile; fileRef = D78D455028641240005D7277 /* v07.mp4 */; };
		D78D455A28641240005D7277 /* v09.mp4 in Resources */ = {isa = PBXBuildFile; fileRef = D78D455128641240005D7277 /* v09.mp4 */; };
		D78D455B28641240005D7277 /* v08.mp4 in Resources */ = {isa = PBXBuildFile; fileRef = D78D455228641240005D7277 /* v08.mp4 */; };
		D7A2D1B1289EEFB700C05436 /* SelectedAlbumImageViewController.swift in Sources */ = {isa = PBXBuildFile; fileRef = D7A2D1B0289EEFB700C05436 /* SelectedAlbumImageViewController.swift */; };
		D7B437E0286AB0390017E884 /* SelectedAlbumViewController.swift in Sources */ = {isa = PBXBuildFile; fileRef = D7B437DF286AB0390017E884 /* SelectedAlbumViewController.swift */; };
		D7B437E3286BCB330017E884 /* SelectedAlbumCollectionViewCell.swift in Sources */ = {isa = PBXBuildFile; fileRef = D7B437E1286BCB330017E884 /* SelectedAlbumCollectionViewCell.swift */; };
		D7B437E4286BCB330017E884 /* SelectedAlbumCollectionViewCell.xib in Resources */ = {isa = PBXBuildFile; fileRef = D7B437E2286BCB330017E884 /* SelectedAlbumCollectionViewCell.xib */; };
		D7E3BCC12856A7C300643DCC /* AppDelegate.swift in Sources */ = {isa = PBXBuildFile; fileRef = D7E3BCC02856A7C300643DCC /* AppDelegate.swift */; };
		D7E3BCC32856A7C300643DCC /* SceneDelegate.swift in Sources */ = {isa = PBXBuildFile; fileRef = D7E3BCC22856A7C300643DCC /* SceneDelegate.swift */; };
		D7E3BCC52856A7C300643DCC /* ViewController.swift in Sources */ = {isa = PBXBuildFile; fileRef = D7E3BCC42856A7C300643DCC /* ViewController.swift */; };
		D7E3BCC82856A7C300643DCC /* Main.storyboard in Resources */ = {isa = PBXBuildFile; fileRef = D7E3BCC62856A7C300643DCC /* Main.storyboard */; };
		D7E3BCCA2856A7C400643DCC /* Assets.xcassets in Resources */ = {isa = PBXBuildFile; fileRef = D7E3BCC92856A7C400643DCC /* Assets.xcassets */; };
		D7E3BCCD2856A7C400643DCC /* LaunchScreen.storyboard in Resources */ = {isa = PBXBuildFile; fileRef = D7E3BCCB2856A7C400643DCC /* LaunchScreen.storyboard */; };
/* End PBXBuildFile section */

/* Begin PBXFileReference section */
		D72B7FF528582CC100CA0CA7 /* Media.swift */ = {isa = PBXFileReference; lastKnownFileType = sourcecode.swift; path = Media.swift; sourceTree = "<group>"; };
		D72B7FF9285ABF4B00CA0CA7 /* VideoCollectionViewCell.swift */ = {isa = PBXFileReference; lastKnownFileType = sourcecode.swift; path = VideoCollectionViewCell.swift; sourceTree = "<group>"; };
		D72B7FFA285ABF4B00CA0CA7 /* VideoCollectionViewCell.xib */ = {isa = PBXFileReference; lastKnownFileType = file.xib; path = VideoCollectionViewCell.xib; sourceTree = "<group>"; };
		D752F71B286A7A210009E185 /* AlbumsCollectionViewCell.swift */ = {isa = PBXFileReference; lastKnownFileType = sourcecode.swift; path = AlbumsCollectionViewCell.swift; sourceTree = "<group>"; };
		D752F71C286A7A210009E185 /* AlbumsCollectionViewCell.xib */ = {isa = PBXFileReference; lastKnownFileType = file.xib; path = AlbumsCollectionViewCell.xib; sourceTree = "<group>"; };
		D752F71F286A7C2E0009E185 /* AlbumsViewController.swift */ = {isa = PBXFileReference; lastKnownFileType = sourcecode.swift; path = AlbumsViewController.swift; sourceTree = "<group>"; };
		D7640A5F2856D17B00C4F74F /* VideoViewController.swift */ = {isa = PBXFileReference; lastKnownFileType = sourcecode.swift; path = VideoViewController.swift; sourceTree = "<group>"; };
		D7640A642856D6EB00C4F74F /* MyCollectionViewCell.swift */ = {isa = PBXFileReference; lastKnownFileType = sourcecode.swift; path = MyCollectionViewCell.swift; sourceTree = "<group>"; };
		D7640A652856D6EB00C4F74F /* MyCollectionViewCell.xib */ = {isa = PBXFileReference; lastKnownFileType = file.xib; path = MyCollectionViewCell.xib; sourceTree = "<group>"; };
		D78D454A28641240005D7277 /* v06.mp4 */ = {isa = PBXFileReference; lastKnownFileType = file; name = v06.mp4; path = ../../../Movies/VuepointVideos/v06.mp4; sourceTree = "<group>"; };
		D78D454B28641240005D7277 /* v05.mp4 */ = {isa = PBXFileReference; lastKnownFileType = file; name = v05.mp4; path = ../../../Movies/VuepointVideos/v05.mp4; sourceTree = "<group>"; };
		D78D454C28641240005D7277 /* v03.mp4 */ = {isa = PBXFileReference; lastKnownFileType = file; name = v03.mp4; path = ../../../Movies/VuepointVideos/v03.mp4; sourceTree = "<group>"; };
		D78D454D28641240005D7277 /* v02.mp4 */ = {isa = PBXFileReference; lastKnownFileType = file; name = v02.mp4; path = ../../../Movies/VuepointVideos/v02.mp4; sourceTree = "<group>"; };
		D78D454E28641240005D7277 /* v04.mp4 */ = {isa = PBXFileReference; lastKnownFileType = file; name = v04.mp4; path = ../../../Movies/VuepointVideos/v04.mp4; sourceTree = "<group>"; };
		D78D454F28641240005D7277 /* v01.mp4 */ = {isa = PBXFileReference; lastKnownFileType = file; name = v01.mp4; path = ../../../Movies/VuepointVideos/v01.mp4; sourceTree = "<group>"; };
		D78D455028641240005D7277 /* v07.mp4 */ = {isa = PBXFileReference; lastKnownFileType = file; name = v07.mp4; path = ../../../Movies/VuepointVideos/v07.mp4; sourceTree = "<group>"; };
		D78D455128641240005D7277 /* v09.mp4 */ = {isa = PBXFileReference; lastKnownFileType = file; name = v09.mp4; path = ../../../Movies/VuepointVideos/v09.mp4; sourceTree = "<group>"; };
		D78D455228641240005D7277 /* v08.mp4 */ = {isa = PBXFileReference; lastKnownFileType = file; name = v08.mp4; path = ../../../Movies/VuepointVideos/v08.mp4; sourceTree = "<group>"; };
		D7A2D1B0289EEFB700C05436 /* SelectedAlbumImageViewController.swift */ = {isa = PBXFileReference; lastKnownFileType = sourcecode.swift; path = SelectedAlbumImageViewController.swift; sourceTree = "<group>"; };
		D7B437DF286AB0390017E884 /* SelectedAlbumViewController.swift */ = {isa = PBXFileReference; lastKnownFileType = sourcecode.swift; path = SelectedAlbumViewController.swift; sourceTree = "<group>"; };
		D7B437E1286BCB330017E884 /* SelectedAlbumCollectionViewCell.swift */ = {isa = PBXFileReference; lastKnownFileType = sourcecode.swift; path = SelectedAlbumCollectionViewCell.swift; sourceTree = "<group>"; };
		D7B437E2286BCB330017E884 /* SelectedAlbumCollectionViewCell.xib */ = {isa = PBXFileReference; lastKnownFileType = file.xib; path = SelectedAlbumCollectionViewCell.xib; sourceTree = "<group>"; };
		D7E3BCBD2856A7C300643DCC /* Vuepoint.app */ = {isa = PBXFileReference; explicitFileType = wrapper.application; includeInIndex = 0; path = Vuepoint.app; sourceTree = BUILT_PRODUCTS_DIR; };
		D7E3BCC02856A7C300643DCC /* AppDelegate.swift */ = {isa = PBXFileReference; lastKnownFileType = sourcecode.swift; path = AppDelegate.swift; sourceTree = "<group>"; };
		D7E3BCC22856A7C300643DCC /* SceneDelegate.swift */ = {isa = PBXFileReference; lastKnownFileType = sourcecode.swift; path = SceneDelegate.swift; sourceTree = "<group>"; };
		D7E3BCC42856A7C300643DCC /* ViewController.swift */ = {isa = PBXFileReference; lastKnownFileType = sourcecode.swift; path = ViewController.swift; sourceTree = "<group>"; };
		D7E3BCC72856A7C300643DCC /* Base */ = {isa = PBXFileReference; lastKnownFileType = file.storyboard; name = Base; path = Base.lproj/Main.storyboard; sourceTree = "<group>"; };
		D7E3BCC92856A7C400643DCC /* Assets.xcassets */ = {isa = PBXFileReference; lastKnownFileType = folder.assetcatalog; path = Assets.xcassets; sourceTree = "<group>"; };
		D7E3BCCC2856A7C400643DCC /* Base */ = {isa = PBXFileReference; lastKnownFileType = file.storyboard; name = Base; path = Base.lproj/LaunchScreen.storyboard; sourceTree = "<group>"; };
		D7E3BCCE2856A7C400643DCC /* Info.plist */ = {isa = PBXFileReference; lastKnownFileType = text.plist.xml; path = Info.plist; sourceTree = "<group>"; };
/* End PBXFileReference section */

/* Begin PBXFrameworksBuildPhase section */
		D7E3BCBA2856A7C300643DCC /* Frameworks */ = {
			isa = PBXFrameworksBuildPhase;
			buildActionMask = 2147483647;
			files = (
			);
			runOnlyForDeploymentPostprocessing = 0;
		};
/* End PBXFrameworksBuildPhase section */

/* Begin PBXGroup section */
		D7640A612856D2B600C4F74F /* Model */ = {
			isa = PBXGroup;
			children = (
				D752F71B286A7A210009E185 /* AlbumsCollectionViewCell.swift */,
				D752F71C286A7A210009E185 /* AlbumsCollectionViewCell.xib */,
				D7640A642856D6EB00C4F74F /* MyCollectionViewCell.swift */,
				D7640A652856D6EB00C4F74F /* MyCollectionViewCell.xib */,
				D72B7FF9285ABF4B00CA0CA7 /* VideoCollectionViewCell.swift */,
				D72B7FFA285ABF4B00CA0CA7 /* VideoCollectionViewCell.xib */,
				D7B437E1286BCB330017E884 /* SelectedAlbumCollectionViewCell.swift */,
				D7B437E2286BCB330017E884 /* SelectedAlbumCollectionViewCell.xib */,
				D72B7FF528582CC100CA0CA7 /* Media.swift */,
			);
			path = Model;
			sourceTree = "<group>";
		};
		D7640A622856D2BB00C4F74F /* View */ = {
			isa = PBXGroup;
			children = (
				D7E3BCC62856A7C300643DCC /* Main.storyboard */,
			);
			path = View;
			sourceTree = "<group>";
		};
		D7640A632856D2BF00C4F74F /* Controller */ = {
			isa = PBXGroup;
			children = (
				D7E3BCC42856A7C300643DCC /* ViewController.swift */,
				D7640A5F2856D17B00C4F74F /* VideoViewController.swift */,
				D752F71F286A7C2E0009E185 /* AlbumsViewController.swift */,
				D7B437DF286AB0390017E884 /* SelectedAlbumViewController.swift */,
				D7A2D1B0289EEFB700C05436 /* SelectedAlbumImageViewController.swift */,
			);
			path = Controller;
			sourceTree = "<group>";
		};
		D7E3BCB42856A7C300643DCC = {
			isa = PBXGroup;
			children = (
				D7E3BCBF2856A7C300643DCC /* Vuepoint */,
				D7E3BCBE2856A7C300643DCC /* Products */,
			);
			sourceTree = "<group>";
		};
		D7E3BCBE2856A7C300643DCC /* Products */ = {
			isa = PBXGroup;
			children = (
				D7E3BCBD2856A7C300643DCC /* Vuepoint.app */,
			);
			name = Products;
			sourceTree = "<group>";
		};
		D7E3BCBF2856A7C300643DCC /* Vuepoint */ = {
			isa = PBXGroup;
			children = (
				D7640A612856D2B600C4F74F /* Model */,
				D7640A622856D2BB00C4F74F /* View */,
				D7640A632856D2BF00C4F74F /* Controller */,
				D7E3BCC92856A7C400643DCC /* Assets.xcassets */,
				D7E3BCC02856A7C300643DCC /* AppDelegate.swift */,
				D7E3BCC22856A7C300643DCC /* SceneDelegate.swift */,
				D7E3BCCB2856A7C400643DCC /* LaunchScreen.storyboard */,
				D7E3BCCE2856A7C400643DCC /* Info.plist */,
				D78D454F28641240005D7277 /* v01.mp4 */,
				D78D454D28641240005D7277 /* v02.mp4 */,
				D78D454C28641240005D7277 /* v03.mp4 */,
				D78D454E28641240005D7277 /* v04.mp4 */,
				D78D454B28641240005D7277 /* v05.mp4 */,
				D78D454A28641240005D7277 /* v06.mp4 */,
				D78D455028641240005D7277 /* v07.mp4 */,
				D78D455228641240005D7277 /* v08.mp4 */,
				D78D455128641240005D7277 /* v09.mp4 */,
			);
			path = Vuepoint;
			sourceTree = "<group>";
		};
/* End PBXGroup section */

/* Begin PBXNativeTarget section */
		D7E3BCBC2856A7C300643DCC /* Vuepoint */ = {
			isa = PBXNativeTarget;
			buildConfigurationList = D7E3BCD12856A7C400643DCC /* Build configuration list for PBXNativeTarget "Vuepoint" */;
			buildPhases = (
				D7E3BCB92856A7C300643DCC /* Sources */,
				D7E3BCBA2856A7C300643DCC /* Frameworks */,
				D7E3BCBB2856A7C300643DCC /* Resources */,
			);
			buildRules = (
			);
			dependencies = (
			);
			name = Vuepoint;
			productName = Vuepoint;
			productReference = D7E3BCBD2856A7C300643DCC /* Vuepoint.app */;
			productType = "com.apple.product-type.application";
		};
/* End PBXNativeTarget section */

/* Begin PBXProject section */
		D7E3BCB52856A7C300643DCC /* Project object */ = {
			isa = PBXProject;
			attributes = {
				BuildIndependentTargetsInParallel = 1;
				LastSwiftUpdateCheck = 1320;
				LastUpgradeCheck = 1320;
				TargetAttributes = {
					D7E3BCBC2856A7C300643DCC = {
						CreatedOnToolsVersion = 13.2.1;
					};
				};
			};
			buildConfigurationList = D7E3BCB82856A7C300643DCC /* Build configuration list for PBXProject "Vuepoint" */;
			compatibilityVersion = "Xcode 13.0";
			developmentRegion = en;
			hasScannedForEncodings = 0;
			knownRegions = (
				en,
				Base,
			);
			mainGroup = D7E3BCB42856A7C300643DCC;
			productRefGroup = D7E3BCBE2856A7C300643DCC /* Products */;
			projectDirPath = "";
			projectRoot = "";
			targets = (
				D7E3BCBC2856A7C300643DCC /* Vuepoint */,
			);
		};
/* End PBXProject section */

/* Begin PBXResourcesBuildPhase section */
		D7E3BCBB2856A7C300643DCC /* Resources */ = {
			isa = PBXResourcesBuildPhase;
			buildActionMask = 2147483647;
			files = (
				D78D455728641240005D7277 /* v04.mp4 in Resources */,
				D78D455628641240005D7277 /* v02.mp4 in Resources */,
				D78D455328641240005D7277 /* v06.mp4 in Resources */,
				D752F71E286A7A210009E185 /* AlbumsCollectionViewCell.xib in Resources */,
				D78D455928641240005D7277 /* v07.mp4 in Resources */,
				D78D455428641240005D7277 /* v05.mp4 in Resources */,
				D78D455828641240005D7277 /* v01.mp4 in Resources */,
				D7E3BCCD2856A7C400643DCC /* LaunchScreen.storyboard in Resources */,
				D7E3BCCA2856A7C400643DCC /* Assets.xcassets in Resources */,
				D72B7FFC285ABF4B00CA0CA7 /* VideoCollectionViewCell.xib in Resources */,
				D78D455A28641240005D7277 /* v09.mp4 in Resources */,
				D7640A672856D6EB00C4F74F /* MyCollectionViewCell.xib in Resources */,
				D7E3BCC82856A7C300643DCC /* Main.storyboard in Resources */,
				D7B437E4286BCB330017E884 /* SelectedAlbumCollectionViewCell.xib in Resources */,
				D78D455B28641240005D7277 /* v08.mp4 in Resources */,
				D78D455528641240005D7277 /* v03.mp4 in Resources */,
			);
			runOnlyForDeploymentPostprocessing = 0;
		};
/* End PBXResourcesBuildPhase section */

/* Begin PBXSourcesBuildPhase section */
		D7E3BCB92856A7C300643DCC /* Sources */ = {
			isa = PBXSourcesBuildPhase;
			buildActionMask = 2147483647;
			files = (
				D72B7FFB285ABF4B00CA0CA7 /* VideoCollectionViewCell.swift in Sources */,
				D7A2D1B1289EEFB700C05436 /* SelectedAlbumImageViewController.swift in Sources */,
				D7E3BCC52856A7C300643DCC /* ViewController.swift in Sources */,
				D752F720286A7C2E0009E185 /* AlbumsViewController.swift in Sources */,
				D7640A662856D6EB00C4F74F /* MyCollectionViewCell.swift in Sources */,
				D72B7FF628582CC100CA0CA7 /* Media.swift in Sources */,
				D7B437E3286BCB330017E884 /* SelectedAlbumCollectionViewCell.swift in Sources */,
				D752F71D286A7A210009E185 /* AlbumsCollectionViewCell.swift in Sources */,
				D7640A602856D17B00C4F74F /* VideoViewController.swift in Sources */,
				D7E3BCC12856A7C300643DCC /* AppDelegate.swift in Sources */,
				D7E3BCC32856A7C300643DCC /* SceneDelegate.swift in Sources */,
				D7B437E0286AB0390017E884 /* SelectedAlbumViewController.swift in Sources */,
			);
			runOnlyForDeploymentPostprocessing = 0;
		};
/* End PBXSourcesBuildPhase section */

/* Begin PBXVariantGroup section */
		D7E3BCC62856A7C300643DCC /* Main.storyboard */ = {
			isa = PBXVariantGroup;
			children = (
				D7E3BCC72856A7C300643DCC /* Base */,
			);
			name = Main.storyboard;
			sourceTree = "<group>";
		};
		D7E3BCCB2856A7C400643DCC /* LaunchScreen.storyboard */ = {
			isa = PBXVariantGroup;
			children = (
				D7E3BCCC2856A7C400643DCC /* Base */,
			);
			name = LaunchScreen.storyboard;
			sourceTree = "<group>";
		};
/* End PBXVariantGroup section */

/* Begin XCBuildConfiguration section */
		D7E3BCCF2856A7C400643DCC /* Debug */ = {
			isa = XCBuildConfiguration;
			buildSettings = {
				ALWAYS_SEARCH_USER_PATHS = NO;
				CLANG_ANALYZER_NONNULL = YES;
				CLANG_ANALYZER_NUMBER_OBJECT_CONVERSION = YES_AGGRESSIVE;
				CLANG_CXX_LANGUAGE_STANDARD = "gnu++17";
				CLANG_CXX_LIBRARY = "libc++";
				CLANG_ENABLE_MODULES = YES;
				CLANG_ENABLE_OBJC_ARC = YES;
				CLANG_ENABLE_OBJC_WEAK = YES;
				CLANG_WARN_BLOCK_CAPTURE_AUTORELEASING = YES;
				CLANG_WARN_BOOL_CONVERSION = YES;
				CLANG_WARN_COMMA = YES;
				CLANG_WARN_CONSTANT_CONVERSION = YES;
				CLANG_WARN_DEPRECATED_OBJC_IMPLEMENTATIONS = YES;
				CLANG_WARN_DIRECT_OBJC_ISA_USAGE = YES_ERROR;
				CLANG_WARN_DOCUMENTATION_COMMENTS = YES;
				CLANG_WARN_EMPTY_BODY = YES;
				CLANG_WARN_ENUM_CONVERSION = YES;
				CLANG_WARN_INFINITE_RECURSION = YES;
				CLANG_WARN_INT_CONVERSION = YES;
				CLANG_WARN_NON_LITERAL_NULL_CONVERSION = YES;
				CLANG_WARN_OBJC_IMPLICIT_RETAIN_SELF = YES;
				CLANG_WARN_OBJC_LITERAL_CONVERSION = YES;
				CLANG_WARN_OBJC_ROOT_CLASS = YES_ERROR;
				CLANG_WARN_QUOTED_INCLUDE_IN_FRAMEWORK_HEADER = YES;
				CLANG_WARN_RANGE_LOOP_ANALYSIS = YES;
				CLANG_WARN_STRICT_PROTOTYPES = YES;
				CLANG_WARN_SUSPICIOUS_MOVE = YES;
				CLANG_WARN_UNGUARDED_AVAILABILITY = YES_AGGRESSIVE;
				CLANG_WARN_UNREACHABLE_CODE = YES;
				CLANG_WARN__DUPLICATE_METHOD_MATCH = YES;
				COPY_PHASE_STRIP = NO;
				DEBUG_INFORMATION_FORMAT = dwarf;
				ENABLE_STRICT_OBJC_MSGSEND = YES;
				ENABLE_TESTABILITY = YES;
				GCC_C_LANGUAGE_STANDARD = gnu11;
				GCC_DYNAMIC_NO_PIC = NO;
				GCC_NO_COMMON_BLOCKS = YES;
				GCC_OPTIMIZATION_LEVEL = 0;
				GCC_PREPROCESSOR_DEFINITIONS = (
					"DEBUG=1",
					"$(inherited)",
				);
				GCC_WARN_64_TO_32_BIT_CONVERSION = YES;
				GCC_WARN_ABOUT_RETURN_TYPE = YES_ERROR;
				GCC_WARN_UNDECLARED_SELECTOR = YES;
				GCC_WARN_UNINITIALIZED_AUTOS = YES_AGGRESSIVE;
				GCC_WARN_UNUSED_FUNCTION = YES;
				GCC_WARN_UNUSED_VARIABLE = YES;
				IPHONEOS_DEPLOYMENT_TARGET = 15.5;
				MTL_ENABLE_DEBUG_INFO = INCLUDE_SOURCE;
				MTL_FAST_MATH = YES;
				ONLY_ACTIVE_ARCH = YES;
				SDKROOT = iphoneos;
				SWIFT_ACTIVE_COMPILATION_CONDITIONS = DEBUG;
				SWIFT_OPTIMIZATION_LEVEL = "-Onone";
			};
			name = Debug;
		};
		D7E3BCD02856A7C400643DCC /* Release */ = {
			isa = XCBuildConfiguration;
			buildSettings = {
				ALWAYS_SEARCH_USER_PATHS = NO;
				CLANG_ANALYZER_NONNULL = YES;
				CLANG_ANALYZER_NUMBER_OBJECT_CONVERSION = YES_AGGRESSIVE;
				CLANG_CXX_LANGUAGE_STANDARD = "gnu++17";
				CLANG_CXX_LIBRARY = "libc++";
				CLANG_ENABLE_MODULES = YES;
				CLANG_ENABLE_OBJC_ARC = YES;
				CLANG_ENABLE_OBJC_WEAK = YES;
				CLANG_WARN_BLOCK_CAPTURE_AUTORELEASING = YES;
				CLANG_WARN_BOOL_CONVERSION = YES;
				CLANG_WARN_COMMA = YES;
				CLANG_WARN_CONSTANT_CONVERSION = YES;
				CLANG_WARN_DEPRECATED_OBJC_IMPLEMENTATIONS = YES;
				CLANG_WARN_DIRECT_OBJC_ISA_USAGE = YES_ERROR;
				CLANG_WARN_DOCUMENTATION_COMMENTS = YES;
				CLANG_WARN_EMPTY_BODY = YES;
				CLANG_WARN_ENUM_CONVERSION = YES;
				CLANG_WARN_INFINITE_RECURSION = YES;
				CLANG_WARN_INT_CONVERSION = YES;
				CLANG_WARN_NON_LITERAL_NULL_CONVERSION = YES;
				CLANG_WARN_OBJC_IMPLICIT_RETAIN_SELF = YES;
				CLANG_WARN_OBJC_LITERAL_CONVERSION = YES;
				CLANG_WARN_OBJC_ROOT_CLASS = YES_ERROR;
				CLANG_WARN_QUOTED_INCLUDE_IN_FRAMEWORK_HEADER = YES;
				CLANG_WARN_RANGE_LOOP_ANALYSIS = YES;
				CLANG_WARN_STRICT_PROTOTYPES = YES;
				CLANG_WARN_SUSPICIOUS_MOVE = YES;
				CLANG_WARN_UNGUARDED_AVAILABILITY = YES_AGGRESSIVE;
				CLANG_WARN_UNREACHABLE_CODE = YES;
				CLANG_WARN__DUPLICATE_METHOD_MATCH = YES;
				COPY_PHASE_STRIP = NO;
				DEBUG_INFORMATION_FORMAT = "dwarf-with-dsym";
				ENABLE_NS_ASSERTIONS = NO;
				ENABLE_STRICT_OBJC_MSGSEND = YES;
				GCC_C_LANGUAGE_STANDARD = gnu11;
				GCC_NO_COMMON_BLOCKS = YES;
				GCC_WARN_64_TO_32_BIT_CONVERSION = YES;
				GCC_WARN_ABOUT_RETURN_TYPE = YES_ERROR;
				GCC_WARN_UNDECLARED_SELECTOR = YES;
				GCC_WARN_UNINITIALIZED_AUTOS = YES_AGGRESSIVE;
				GCC_WARN_UNUSED_FUNCTION = YES;
				GCC_WARN_UNUSED_VARIABLE = YES;
				IPHONEOS_DEPLOYMENT_TARGET = 15.5;
				MTL_ENABLE_DEBUG_INFO = NO;
				MTL_FAST_MATH = YES;
				SDKROOT = iphoneos;
				SWIFT_COMPILATION_MODE = wholemodule;
				SWIFT_OPTIMIZATION_LEVEL = "-O";
				VALIDATE_PRODUCT = YES;
			};
			name = Release;
		};
		D7E3BCD22856A7C400643DCC /* Debug */ = {
			isa = XCBuildConfiguration;
			buildSettings = {
				ASSETCATALOG_COMPILER_APPICON_NAME = AppIcon;
				ASSETCATALOG_COMPILER_GLOBAL_ACCENT_COLOR_NAME = AccentColor;
				CODE_SIGN_STYLE = Automatic;
				CURRENT_PROJECT_VERSION = 1;
				DEVELOPMENT_TEAM = 2NNCB58FYU;
				GENERATE_INFOPLIST_FILE = YES;
				INFOPLIST_FILE = Vuepoint/Info.plist;
				INFOPLIST_KEY_UIApplicationSupportsIndirectInputEvents = YES;
				INFOPLIST_KEY_UILaunchStoryboardName = LaunchScreen;
				INFOPLIST_KEY_UIMainStoryboardFile = Main;
				INFOPLIST_KEY_UISupportedInterfaceOrientations = UIInterfaceOrientationPortrait;
				INFOPLIST_KEY_UISupportedInterfaceOrientations_iPad = "UIInterfaceOrientationPortrait UIInterfaceOrientationPortraitUpsideDown UIInterfaceOrientationLandscapeLeft UIInterfaceOrientationLandscapeRight";
				INFOPLIST_KEY_UISupportedInterfaceOrientations_iPhone = "UIInterfaceOrientationPortrait UIInterfaceOrientationLandscapeLeft UIInterfaceOrientationLandscapeRight";
				IPHONEOS_DEPLOYMENT_TARGET = 15.5;
				LD_RUNPATH_SEARCH_PATHS = (
					"$(inherited)",
					"@executable_path/Frameworks",
				);
				MARKETING_VERSION = 1.0;
				PRODUCT_BUNDLE_IDENTIFIER = com.jdn.Vuepoint;
				PRODUCT_NAME = "$(TARGET_NAME)";
				SWIFT_EMIT_LOC_STRINGS = YES;
				SWIFT_VERSION = 5.0;
				TARGETED_DEVICE_FAMILY = 1;
			};
			name = Debug;
		};
		D7E3BCD32856A7C400643DCC /* Release */ = {
			isa = XCBuildConfiguration;
			buildSettings = {
				ASSETCATALOG_COMPILER_APPICON_NAME = AppIcon;
				ASSETCATALOG_COMPILER_GLOBAL_ACCENT_COLOR_NAME = AccentColor;
				CODE_SIGN_STYLE = Automatic;
				CURRENT_PROJECT_VERSION = 1;
				DEVELOPMENT_TEAM = 2NNCB58FYU;
				GENERATE_INFOPLIST_FILE = YES;
				INFOPLIST_FILE = Vuepoint/Info.plist;
				INFOPLIST_KEY_UIApplicationSupportsIndirectInputEvents = YES;
				INFOPLIST_KEY_UILaunchStoryboardName = LaunchScreen;
				INFOPLIST_KEY_UIMainStoryboardFile = Main;
				INFOPLIST_KEY_UISupportedInterfaceOrientations = UIInterfaceOrientationPortrait;
				INFOPLIST_KEY_UISupportedInterfaceOrientations_iPad = "UIInterfaceOrientationPortrait UIInterfaceOrientationPortraitUpsideDown UIInterfaceOrientationLandscapeLeft UIInterfaceOrientationLandscapeRight";
				INFOPLIST_KEY_UISupportedInterfaceOrientations_iPhone = "UIInterfaceOrientationPortrait UIInterfaceOrientationLandscapeLeft UIInterfaceOrientationLandscapeRight";
				IPHONEOS_DEPLOYMENT_TARGET = 15.5;
				LD_RUNPATH_SEARCH_PATHS = (
					"$(inherited)",
					"@executable_path/Frameworks",
				);
				MARKETING_VERSION = 1.0;
				PRODUCT_BUNDLE_IDENTIFIER = com.jdn.Vuepoint;
				PRODUCT_NAME = "$(TARGET_NAME)";
				SWIFT_EMIT_LOC_STRINGS = YES;
				SWIFT_VERSION = 5.0;
				TARGETED_DEVICE_FAMILY = 1;
			};
			name = Release;
		};
/* End XCBuildConfiguration section */

/* Begin XCConfigurationList section */
		D7E3BCB82856A7C300643DCC /* Build configuration list for PBXProject "Vuepoint" */ = {
			isa = XCConfigurationList;
			buildConfigurations = (
				D7E3BCCF2856A7C400643DCC /* Debug */,
				D7E3BCD02856A7C400643DCC /* Release */,
			);
			defaultConfigurationIsVisible = 0;
			defaultConfigurationName = Release;
		};
		D7E3BCD12856A7C400643DCC /* Build configuration list for PBXNativeTarget "Vuepoint" */ = {
			isa = XCConfigurationList;
			buildConfigurations = (
				D7E3BCD22856A7C400643DCC /* Debug */,
				D7E3BCD32856A7C400643DCC /* Release */,
			);
			defaultConfigurationIsVisible = 0;
			defaultConfigurationName = Release;
		};
/* End XCConfigurationList section */
	};
	rootObject = D7E3BCB52856A7C300643DCC /* Project object */;
}
